lockfileVersion: '9.0'

settings:
  autoInstallPeers: true
  excludeLinksFromLockfile: false

importers:

  .:
    devDependencies:
      node-test-bootstrap:
        specifier: ^1.2.1
        version: 1.2.1

packages:

  node-test-bootstrap@1.2.1:
    resolution: {integrity: sha512-kI/7CvrgzUqzE4K/ynzPm+pyZVlcowu0aGvDba+y2ngLXtb2wC0Vwkbb2xZ01hXUQfnfhjWkU86YrmHiArPvgg==}
    engines: {node: '>=22.20.0'}

snapshots:

  node-test-bootstrap@1.2.1: {}
